# THIS IS AN AUTOGENERATED FILE. DO NOT EDIT THIS FILE DIRECTLY.
# yarn lockfile v1


"@mdi/svg@^5.0.45":
  version "5.0.45"
  resolved "https://registry.yarnpkg.com/@mdi/svg/-/svg-5.0.45.tgz#4544b114419effd5e1373bf1f07d567c27f44818"
  integrity sha512-JAsxPV2Um/AxZluJxNnxqgrByQT3wj7f0V0YJI632qUwiU6EDmG1D43FMHlLS5oEPjYB4meiyF4/mPDXqfICSw==

"@mdi/util@^0.3.0":
  version "0.3.2"
  resolved "https://registry.yarnpkg.com/@mdi/util/-/util-0.3.2.tgz#8964f14ad86f9a355042824553958cc01a94886f"
  integrity sha512-0ICbKIcsI+OYSqz6SWsYVJA6+kM+irQQiwYGBtJlq0a0sI0JrB2bCrc4S/xVfexqwa1EG8dlSY/ohsQllEXnyQ==
