# THIS IS AN AUTOGENERATED FILE. DO NOT EDIT THIS FILE DIRECTLY.
# yarn lockfile v1


"@mdi/svg@^4.0.96":
  version "4.1.95"
  resolved "https://registry.yarnpkg.com/@mdi/svg/-/svg-4.1.95.tgz#6ffb3d77463b04bf2adfbf47b805edaac02d1d69"
  integrity sha512-lgt5hW2f6m1xMdymbctBsVt7BI97O5OTKoLC6i4UOdHEQeTQq1E1CMgsUYSGhuENjoas0bi0ISqNBMddIpF/Ig==

"@mdi/util@^0.3.0":
  version "0.3.0"
  resolved "https://registry.yarnpkg.com/@mdi/util/-/util-0.3.0.tgz#87a4f729c9ed3f60736538bf09ae2d14164ebf6f"
  integrity sha512-vBldUQB5aqoDXDgvWBCrPAkdJGKsZW2mXolpyEbZbocXEQswxyLMgKu/IHMpgbHn9KWiS87c5cs/pEgnPLR5kw==
